{
  "version": 4,
  "terraform_version": "1.1.7",
  "serial": 10,
  "lineage": "ba61dd63-681a-349b-9c1f-c4c714024819",
  "outputs": {},
  "resources": [
    {
      "mode": "managed",
      "type": "github_branch",
      "name": "prodbranch",
      "provider": "provider[\"registry.terraform.io/integrations/github\"]",
      "instances": [
        {
          "schema_version": 0,
          "attributes": {
            "branch": "14.0",
            "etag": "W/\"01ea3c8608986050e65108c1acd5e0b110254c766f1386ae653f5f7b81468676\"",
            "id": "testcustomer14:14.0",
            "ref": "refs/heads/14.0",
            "repository": "testcustomer14",
            "sha": "b9c8407f3b9bf4fbad8679e6b364cc58e8a4f562",
            "source_branch": "main",
            "source_sha": "b9c8407f3b9bf4fbad8679e6b364cc58e8a4f562"
          },
          "sensitive_attributes": [],
          "private": "bnVsbA==",
          "dependencies": [
            "github_repository.customer_name"
          ]
        }
      ]
    },
    {
      "mode": "managed",
      "type": "github_branch",
      "name": "testbranch",
      "provider": "provider[\"registry.terraform.io/integrations/github\"]",
      "instances": [
        {
          "schema_version": 0,
          "attributes": {
            "branch": "14-dev",
            "etag": "W/\"9c046abadaee62ec761b69a5cf02aaa109cbc728b54da33d925228e32ef3c768\"",
            "id": "testcustomer14:14-dev",
            "ref": "refs/heads/14-dev",
            "repository": "testcustomer14",
            "sha": "b9c8407f3b9bf4fbad8679e6b364cc58e8a4f562",
            "source_branch": "main",
            "source_sha": "b9c8407f3b9bf4fbad8679e6b364cc58e8a4f562"
          },
          "sensitive_attributes": [],
          "private": "bnVsbA==",
          "dependencies": [
            "github_repository.customer_name"
          ]
        }
      ]
    },
    {
      "mode": "managed",
      "type": "github_repository",
      "name": "customer_name",
      "provider": "provider[\"registry.terraform.io/integrations/github\"]",
      "instances": [
        {
          "schema_version": 0,
          "attributes": {
            "allow_auto_merge": false,
            "allow_merge_commit": true,
            "allow_rebase_merge": true,
            "allow_squash_merge": true,
            "archive_on_destroy": null,
            "archived": false,
            "auto_init": true,
            "branches": [
              {
                "name": "main",
                "protected": false
              }
            ],
            "default_branch": "main",
            "delete_branch_on_merge": false,
            "description": "Repository created with terraform to test customers",
            "etag": "W/\"943689d829ddbcda7d3c867af6f95be1b03b8b24cf60332ad525b388967a4e52\"",
            "full_name": "gtorres777/testcustomer14",
            "git_clone_url": "git://github.com/gtorres777/testcustomer14.git",
            "gitignore_template": null,
            "has_downloads": false,
            "has_issues": false,
            "has_projects": false,
            "has_wiki": false,
            "homepage_url": "",
            "html_url": "https://github.com/gtorres777/testcustomer14",
            "http_clone_url": "https://github.com/gtorres777/testcustomer14.git",
            "id": "testcustomer14",
            "is_template": false,
            "license_template": null,
            "name": "testcustomer14",
            "node_id": "R_kgDOHDIghg",
            "pages": [],
            "private": false,
            "repo_id": 473047174,
            "ssh_clone_url": "git@github.com:gtorres777/testcustomer14.git",
            "svn_url": "https://github.com/gtorres777/testcustomer14",
            "template": [],
            "topics": null,
            "visibility": "public",
            "vulnerability_alerts": false
          },
          "sensitive_attributes": [],
          "private": "bnVsbA=="
        }
      ]
    },
    {
      "mode": "managed",
      "type": "github_repository_file",
      "name": "dockerfile-prod",
      "provider": "provider[\"registry.terraform.io/integrations/github\"]",
      "instances": [
        {
          "schema_version": 0,
          "attributes": {
            "branch": "14.0",
            "commit_author": "gtorres777",
            "commit_email": "51068028+gtorres777@users.noreply.github.com",
            "commit_message": "Dockerfile for test and prod",
            "commit_sha": "38f42b0b7c76b6525175f3642fd07cac931ad16f",
            "content": "FROM  as base\n\nENV ODOO_USER=odoo\n\nUSER ${ODOO_USER}\n\n# Own libraries Odoo\nCOPY ./repositories/ /opt/odoo_dir/\n\n# Install linux packages for extra Addons\nRUN set -x; \\\n    sudo apt-get -qq update \\\n    \u0026\u0026 sudo /dockerfile_extra_addons.sh\n\n# Install python packages for extra Addons\nRUN pip3.8 --no-cache-dir install -r /home/odoo/custom-requirements.txt \\\n    \u0026\u0026 sudo rm -rf /home/odoo/*\n\n# Own libraries Odoo\n\nCMD [\"odoo\"]\n",
            "file": "Dockerfile",
            "id": "testcustomer14/Dockerfile",
            "overwrite_on_create": true,
            "repository": "testcustomer14",
            "sha": "3c8340bab27098224e8f45b37007201393fd3e3b"
          },
          "sensitive_attributes": [],
          "private": "bnVsbA==",
          "dependencies": [
            "github_branch.prodbranch",
            "github_repository.customer_name"
          ]
        }
      ]
    },
    {
      "mode": "managed",
      "type": "github_repository_file",
      "name": "dockerfile-test",
      "provider": "provider[\"registry.terraform.io/integrations/github\"]",
      "instances": [
        {
          "schema_version": 0,
          "attributes": {
            "branch": "14-dev",
            "commit_author": "gtorres777",
            "commit_email": "51068028+gtorres777@users.noreply.github.com",
            "commit_message": "Dockerfile for test and prod",
            "commit_sha": "c1183205760835f2c8662173d61877a8998fde75",
            "content": "FROM  as base\n\nENV ODOO_USER=odoo\n\nUSER ${ODOO_USER}\n\n# Own libraries Odoo\nCOPY ./repositories/ /opt/odoo_dir/\n\n# Install linux packages for extra Addons\nRUN set -x; \\\n    sudo apt-get -qq update \\\n    \u0026\u0026 sudo /dockerfile_extra_addons.sh\n\n# Install python packages for extra Addons\nRUN pip3.8 --no-cache-dir install -r /home/odoo/custom-requirements.txt \\\n    \u0026\u0026 sudo rm -rf /home/odoo/*\n\n# Own libraries Odoo\n\nCMD [\"odoo\"]\n",
            "file": "Dockerfile",
            "id": "testcustomer14/Dockerfile",
            "overwrite_on_create": true,
            "repository": "testcustomer14",
            "sha": "3c8340bab27098224e8f45b37007201393fd3e3b"
          },
          "sensitive_attributes": [],
          "private": "bnVsbA==",
          "dependencies": [
            "github_branch.testbranch",
            "github_repository.customer_name"
          ]
        }
      ]
    },
    {
      "mode": "managed",
      "type": "github_repository_file",
      "name": "jenkinsfile-prod",
      "provider": "provider[\"registry.terraform.io/integrations/github\"]",
      "instances": [
        {
          "schema_version": 0,
          "attributes": {
            "branch": "14.0",
            "commit_author": "gtorres777",
            "commit_email": "51068028+gtorres777@users.noreply.github.com",
            "commit_message": "Jenkinsfile for prod",
            "commit_sha": "e85465e0bf334921ffbf61e913620007088e4ac0",
            "content": "@Library('test_shared_library')\n\ndef prod_deploy_name = \"testcustomer14-odoo14\"\n\ndef odoo_version=\"14.0\"\n\ndef dockerhub_repo_name = \"testcustomer14\"\n\nbuildPipeline(stage:\"prod\",dockerhub_repo_name:\"${dockerhub_repo_name}\",prod_deploy_name:\"${prod_deploy_name}\",odoo_version:\"${odoo_version}\")\n",
            "file": "Jenkinsfile",
            "id": "testcustomer14/Jenkinsfile",
            "overwrite_on_create": true,
            "repository": "testcustomer14",
            "sha": "9566f2959df1603433013e6340fdaf160b6b830e"
          },
          "sensitive_attributes": [],
          "private": "bnVsbA==",
          "dependencies": [
            "github_branch.prodbranch",
            "github_repository.customer_name"
          ]
        }
      ]
    },
    {
      "mode": "managed",
      "type": "github_repository_file",
      "name": "jenkinsfile-test",
      "provider": "provider[\"registry.terraform.io/integrations/github\"]",
      "instances": [
        {
          "schema_version": 0,
          "attributes": {
            "branch": "14-dev",
            "commit_author": "gtorres777",
            "commit_email": "51068028+gtorres777@users.noreply.github.com",
            "commit_message": "Jenkinsfile for test",
            "commit_sha": "1959f26f2478febe54cbb165e51347fc31c16182",
            "content": "@Library('test_shared_library')\n\ndef prod_deploy_name = \"testcustomer14-odoo14\"\n\ndef test_deploy_name = \"testcustomer14-test-odoo14\"\n\ndef odoo_version=\"14.0\"\n\ndef dockerhub_repo_name = \"testcustomer14\"\n\nbuildPipeline(stage:\"test\",dockerhub_repo_name:\"${dockerhub_repo_name}\",test_deploy_name:\"${test_deploy_name}\",prod_deploy_name:\"${prod_deploy_name}\",odoo_version:\"${odoo_version}\")\n",
            "file": "Jenkinsfile",
            "id": "testcustomer14/Jenkinsfile",
            "overwrite_on_create": true,
            "repository": "testcustomer14",
            "sha": "3ea36f3535948fbe662f82a3f6518a773194d40b"
          },
          "sensitive_attributes": [],
          "private": "bnVsbA==",
          "dependencies": [
            "github_branch.testbranch",
            "github_repository.customer_name"
          ]
        }
      ]
    },
    {
      "mode": "managed",
      "type": "github_repository_file",
      "name": "repos-prod",
      "provider": "provider[\"registry.terraform.io/integrations/github\"]",
      "instances": [
        {
          "schema_version": 0,
          "attributes": {
            "branch": "14.0",
            "commit_author": "gtorres777",
            "commit_email": "51068028+gtorres777@users.noreply.github.com",
            "commit_message": "repos for test and prod",
            "commit_sha": "05f8963a9b97c9289a8f969d4f5ba725db67d582",
            "content": "repos_own,https://github.com/odoopartners/odoo_contact,odoo_contact\nrepos_own,https://github.com/odoopartners/odoo_invoicing,odoo_invoicing\nrepos_own,https://github.com/odoopartners/odoo_edocument,odoo_edocument\nrepos_own,https://github.com/odoopartners/odoo_third_apps_contacts,odoo_third_apps_contacts\nrepos_own,https://github.com/odoopartners/odoo_third_apps_financial,odoo_third_apps_financial\nrepos_own,https://github.com/odoopartners/odoo_third_apps_hr,odoo_third_apps_hr\nrepos_own,https://github.com/odoopartners/odoo_third_apps_logistics,odoo_third_apps_logistics\nrepos_own,https://github.com/odoopartners/odoo_third_apps_payroll,odoo_third_apps_payroll\nrepos_own,https://github.com/odoopartners/odoo_third_apps_pos,odoo_third_apps_pos\nrepos_own,https://github.com/odoopartners/odoo_third_apps_products,odoo_third_apps_products\nrepos_own,https://github.com/odoopartners/odoo_third_apps_projects,odoo_third_apps_projects\nrepos_own,https://github.com/odoopartners/odoo_third_apps_purchase,odoo_third_apps_purchase\nrepos_own,https://github.com/odoopartners/odoo_third_apps_server-tools,odoo_third_apps_server-tools\nrepos_oca,https://github.com/OCA/brand,brand\nrepos_oca,https://github.com/OCA/web,web\n",
            "file": "repos.csv",
            "id": "testcustomer14/repos.csv",
            "overwrite_on_create": true,
            "repository": "testcustomer14",
            "sha": "c6fec67ff9cf186587ea6ba54deca3b2071fc8e1"
          },
          "sensitive_attributes": [],
          "private": "bnVsbA==",
          "dependencies": [
            "github_branch.prodbranch",
            "github_repository.customer_name"
          ]
        }
      ]
    },
    {
      "mode": "managed",
      "type": "github_repository_file",
      "name": "repos-test",
      "provider": "provider[\"registry.terraform.io/integrations/github\"]",
      "instances": [
        {
          "schema_version": 0,
          "attributes": {
            "branch": "14-dev",
            "commit_author": "gtorres777",
            "commit_email": "51068028+gtorres777@users.noreply.github.com",
            "commit_message": "repos for test and prod",
            "commit_sha": "cd21c316930e81d8df9c0016c967064eb01df6b2",
            "content": "repos_own,https://github.com/odoopartners/odoo_contact,odoo_contact\nrepos_own,https://github.com/odoopartners/odoo_invoicing,odoo_invoicing\nrepos_own,https://github.com/odoopartners/odoo_edocument,odoo_edocument\nrepos_own,https://github.com/odoopartners/odoo_third_apps_contacts,odoo_third_apps_contacts\nrepos_own,https://github.com/odoopartners/odoo_third_apps_financial,odoo_third_apps_financial\nrepos_own,https://github.com/odoopartners/odoo_third_apps_hr,odoo_third_apps_hr\nrepos_own,https://github.com/odoopartners/odoo_third_apps_logistics,odoo_third_apps_logistics\nrepos_own,https://github.com/odoopartners/odoo_third_apps_payroll,odoo_third_apps_payroll\nrepos_own,https://github.com/odoopartners/odoo_third_apps_pos,odoo_third_apps_pos\nrepos_own,https://github.com/odoopartners/odoo_third_apps_products,odoo_third_apps_products\nrepos_own,https://github.com/odoopartners/odoo_third_apps_projects,odoo_third_apps_projects\nrepos_own,https://github.com/odoopartners/odoo_third_apps_purchase,odoo_third_apps_purchase\nrepos_own,https://github.com/odoopartners/odoo_third_apps_server-tools,odoo_third_apps_server-tools\nrepos_oca,https://github.com/OCA/brand,brand\nrepos_oca,https://github.com/OCA/web,web\n",
            "file": "repos.csv",
            "id": "testcustomer14/repos.csv",
            "overwrite_on_create": true,
            "repository": "testcustomer14",
            "sha": "c6fec67ff9cf186587ea6ba54deca3b2071fc8e1"
          },
          "sensitive_attributes": [],
          "private": "bnVsbA==",
          "dependencies": [
            "github_branch.testbranch",
            "github_repository.customer_name"
          ]
        }
      ]
    }
  ]
}
