{
  "version": 4,
  "terraform_version": "1.1.7",
  "serial": 12,
  "lineage": "1d09be72-c3e9-d462-961c-011843ef935b",
  "outputs": {},
  "resources": [
    {
      "mode": "data",
      "type": "jenkins_folder",
      "name": "customers",
      "provider": "provider[\"registry.terraform.io/taiidani/jenkins\"]",
      "instances": [
        {
          "schema_version": 0,
          "attributes": {
            "description": "",
            "display_name": "",
            "folder": "",
            "id": "/job/CUSTOMER_PIPELINES",
            "name": "CUSTOMER_PIPELINES",
            "security": [],
            "template": "\u003c?xml version='1.1' encoding='UTF-8'?\u003e\n\u003ccom.cloudbees.hudson.plugins.folder.Folder plugin=\"cloudbees-folder@6.16\"\u003e\n  \u003cactions/\u003e\n  \u003cproperties/\u003e\n  \u003cfolderViews class=\"com.cloudbees.hudson.plugins.folder.views.DefaultFolderViewHolder\"\u003e\n    \u003cviews\u003e\n      \u003chudson.model.AllView\u003e\n        \u003cowner class=\"com.cloudbees.hudson.plugins.folder.Folder\" reference=\"../../../..\"/\u003e\n        \u003cname\u003eAll\u003c/name\u003e\n        \u003cfilterExecutors\u003efalse\u003c/filterExecutors\u003e\n        \u003cfilterQueue\u003efalse\u003c/filterQueue\u003e\n        \u003cproperties class=\"hudson.model.View$PropertyList\"/\u003e\n      \u003c/hudson.model.AllView\u003e\n    \u003c/views\u003e\n    \u003ctabBar class=\"hudson.views.DefaultViewsTabBar\"/\u003e\n  \u003c/folderViews\u003e\n  \u003chealthMetrics/\u003e\n  \u003cicon class=\"com.cloudbees.hudson.plugins.folder.icons.StockFolderIcon\"/\u003e\n\u003c/com.cloudbees.hudson.plugins.folder.Folder\u003e"
          },
          "sensitive_attributes": []
        }
      ]
    },
    {
      "mode": "managed",
      "type": "dockerhub_repository",
      "name": "project",
      "provider": "provider[\"registry.terraform.io/magenta-aps/dockerhub\"]",
      "instances": [
        {
          "schema_version": 0,
          "attributes": {
            "description": "Client customer7 repository",
            "full_description": null,
            "id": "odoopartners/customer7",
            "name": "customer7",
            "namespace": "odoopartners",
            "private": true
          },
          "sensitive_attributes": [],
          "private": "bnVsbA=="
        }
      ]
    },
    {
      "mode": "managed",
      "type": "github_branch",
      "name": "prodbranch",
      "provider": "provider[\"registry.terraform.io/integrations/github\"]",
      "instances": [
        {
          "schema_version": 0,
          "attributes": {
            "branch": "15.0",
            "etag": "W/\"b27799e0228120811fd6cea4a63d7f3f712dc8439fc1bb6aac1df89e37a5eb25\"",
            "id": "customer7:15.0",
            "ref": "refs/heads/15.0",
            "repository": "customer7",
            "sha": "2cec626d378d13ec2da101cc3b46fedbfc6794fb",
            "source_branch": "main",
            "source_sha": "2cec626d378d13ec2da101cc3b46fedbfc6794fb"
          },
          "sensitive_attributes": [],
          "private": "bnVsbA==",
          "dependencies": [
            "github_repository.customer_name"
          ]
        }
      ]
    },
    {
      "mode": "managed",
      "type": "github_branch",
      "name": "testbranch",
      "provider": "provider[\"registry.terraform.io/integrations/github\"]",
      "instances": [
        {
          "schema_version": 0,
          "attributes": {
            "branch": "15-dev",
            "etag": "W/\"7e9ad21ed092dccf24f9cfab35cc61f3e58d6145943592bd8eb7aa7cb475f2ed\"",
            "id": "customer7:15-dev",
            "ref": "refs/heads/15-dev",
            "repository": "customer7",
            "sha": "2cec626d378d13ec2da101cc3b46fedbfc6794fb",
            "source_branch": "main",
            "source_sha": "2cec626d378d13ec2da101cc3b46fedbfc6794fb"
          },
          "sensitive_attributes": [],
          "private": "bnVsbA==",
          "dependencies": [
            "github_repository.customer_name"
          ]
        }
      ]
    },
    {
      "mode": "managed",
      "type": "github_repository",
      "name": "customer_name",
      "provider": "provider[\"registry.terraform.io/integrations/github\"]",
      "instances": [
        {
          "schema_version": 0,
          "attributes": {
            "allow_auto_merge": false,
            "allow_merge_commit": true,
            "allow_rebase_merge": true,
            "allow_squash_merge": true,
            "archive_on_destroy": null,
            "archived": false,
            "auto_init": true,
            "branches": [
              {
                "name": "main",
                "protected": false
              }
            ],
            "default_branch": "main",
            "delete_branch_on_merge": false,
            "description": "Repository created with terraform to test customers",
            "etag": "W/\"a81b67cf04fbe1a4f19d0f702c7a165bb9459062f60bc0c9a62d041f60470255\"",
            "full_name": "gtorres777/customer7",
            "git_clone_url": "git://github.com/gtorres777/customer7.git",
            "gitignore_template": null,
            "has_downloads": false,
            "has_issues": false,
            "has_projects": false,
            "has_wiki": false,
            "homepage_url": "",
            "html_url": "https://github.com/gtorres777/customer7",
            "http_clone_url": "https://github.com/gtorres777/customer7.git",
            "id": "customer7",
            "is_template": false,
            "license_template": null,
            "name": "customer7",
            "node_id": "R_kgDOHDdrSg",
            "pages": [],
            "private": false,
            "repo_id": 473393994,
            "ssh_clone_url": "git@github.com:gtorres777/customer7.git",
            "svn_url": "https://github.com/gtorres777/customer7",
            "template": [],
            "topics": null,
            "visibility": "public",
            "vulnerability_alerts": false
          },
          "sensitive_attributes": [],
          "private": "bnVsbA=="
        }
      ]
    },
    {
      "mode": "managed",
      "type": "github_repository_file",
      "name": "dockerfile-prod",
      "provider": "provider[\"registry.terraform.io/integrations/github\"]",
      "instances": [
        {
          "schema_version": 0,
          "attributes": {
            "branch": "15.0",
            "commit_author": "gtorres777",
            "commit_email": "51068028+gtorres777@users.noreply.github.com",
            "commit_message": "Dockerfile for test and prod",
            "commit_sha": "81320434a7cf647b804b5d686eeceda826cd75c8",
            "content": "FROM  as base\n\nENV ODOO_USER=odoo\n\nUSER ${ODOO_USER}\n\n# Own libraries Odoo\nCOPY ./repositories/ /opt/odoo_dir/\n\n# Install linux packages for extra Addons\nRUN set -x; \\\n    sudo apt-get -qq update \\\n    \u0026\u0026 sudo /dockerfile_extra_addons.sh\n\n# Install python packages for extra Addons\nRUN pip3.9 --no-cache-dir install -r /home/odoo/custom-requirements.txt \\\n    \u0026\u0026 sudo rm -rf /home/odoo/*\n\n# Own libraries Odoo\n\nCMD [\"odoo\"]\n",
            "file": "Dockerfile",
            "id": "customer7/Dockerfile",
            "overwrite_on_create": true,
            "repository": "customer7",
            "sha": "3d5c3c1f82f3cff5f66d8010a7824f101cfdd40e"
          },
          "sensitive_attributes": [],
          "private": "bnVsbA==",
          "dependencies": [
            "github_branch.prodbranch",
            "github_repository.customer_name"
          ]
        }
      ]
    },
    {
      "mode": "managed",
      "type": "github_repository_file",
      "name": "dockerfile-test",
      "provider": "provider[\"registry.terraform.io/integrations/github\"]",
      "instances": [
        {
          "schema_version": 0,
          "attributes": {
            "branch": "15-dev",
            "commit_author": "gtorres777",
            "commit_email": "51068028+gtorres777@users.noreply.github.com",
            "commit_message": "Dockerfile for test and prod",
            "commit_sha": "545da99aaf31a3571288af85742318d12fbfbd60",
            "content": "FROM  as base\n\nENV ODOO_USER=odoo\n\nUSER ${ODOO_USER}\n\n# Own libraries Odoo\nCOPY ./repositories/ /opt/odoo_dir/\n\n# Install linux packages for extra Addons\nRUN set -x; \\\n    sudo apt-get -qq update \\\n    \u0026\u0026 sudo /dockerfile_extra_addons.sh\n\n# Install python packages for extra Addons\nRUN pip3.9 --no-cache-dir install -r /home/odoo/custom-requirements.txt \\\n    \u0026\u0026 sudo rm -rf /home/odoo/*\n\n# Own libraries Odoo\n\nCMD [\"odoo\"]\n",
            "file": "Dockerfile",
            "id": "customer7/Dockerfile",
            "overwrite_on_create": true,
            "repository": "customer7",
            "sha": "3d5c3c1f82f3cff5f66d8010a7824f101cfdd40e"
          },
          "sensitive_attributes": [],
          "private": "bnVsbA==",
          "dependencies": [
            "github_branch.testbranch",
            "github_repository.customer_name"
          ]
        }
      ]
    },
    {
      "mode": "managed",
      "type": "github_repository_file",
      "name": "jenkinsfile-prod",
      "provider": "provider[\"registry.terraform.io/integrations/github\"]",
      "instances": [
        {
          "schema_version": 0,
          "attributes": {
            "branch": "15.0",
            "commit_author": "gtorres777",
            "commit_email": "51068028+gtorres777@users.noreply.github.com",
            "commit_message": "Jenkinsfile for prod",
            "commit_sha": "62bc72f9268e6d7d5d2a00af7fe48f3d8a5a9ebe",
            "content": "@Library('test_shared_library')\n\ndef prod_deploy_name = \"customer7-odoo15\"\n\ndef odoo_version=\"15.0\"\n\ndef dockerhub_repo_name = \"customer7\"\n\nbuildPipeline(stage:\"prod\",dockerhub_repo_name:\"${dockerhub_repo_name}\",prod_deploy_name:\"${prod_deploy_name}\",odoo_version:\"${odoo_version}\")\n",
            "file": "Jenkinsfile",
            "id": "customer7/Jenkinsfile",
            "overwrite_on_create": true,
            "repository": "customer7",
            "sha": "f660891707e86592afc74b9c6bec2399ece59e59"
          },
          "sensitive_attributes": [],
          "private": "bnVsbA==",
          "dependencies": [
            "github_branch.prodbranch",
            "github_repository.customer_name"
          ]
        }
      ]
    },
    {
      "mode": "managed",
      "type": "github_repository_file",
      "name": "jenkinsfile-test",
      "provider": "provider[\"registry.terraform.io/integrations/github\"]",
      "instances": [
        {
          "schema_version": 0,
          "attributes": {
            "branch": "15-dev",
            "commit_author": "gtorres777",
            "commit_email": "51068028+gtorres777@users.noreply.github.com",
            "commit_message": "Jenkinsfile for test",
            "commit_sha": "a440a0a581db5e1a7b4396924bec1c69d7867a2d",
            "content": "@Library('test_shared_library')\n\ndef prod_deploy_name = \"customer7-odoo15\"\n\ndef test_deploy_name = \"customer7-test-odoo15\"\n\ndef odoo_version=\"15.0\"\n\ndef dockerhub_repo_name = \"customer7\"\n\nbuildPipeline(stage:\"test\",dockerhub_repo_name:\"${dockerhub_repo_name}\",test_deploy_name:\"${test_deploy_name}\",prod_deploy_name:\"${prod_deploy_name}\",odoo_version:\"${odoo_version}\")\n",
            "file": "Jenkinsfile",
            "id": "customer7/Jenkinsfile",
            "overwrite_on_create": true,
            "repository": "customer7",
            "sha": "1c4ed521f3a7fbedde7f8710b92bc5fb03789edd"
          },
          "sensitive_attributes": [],
          "private": "bnVsbA==",
          "dependencies": [
            "github_branch.testbranch",
            "github_repository.customer_name"
          ]
        }
      ]
    },
    {
      "mode": "managed",
      "type": "github_repository_file",
      "name": "repos-prod",
      "provider": "provider[\"registry.terraform.io/integrations/github\"]",
      "instances": [
        {
          "schema_version": 0,
          "attributes": {
            "branch": "15.0",
            "commit_author": "gtorres777",
            "commit_email": "51068028+gtorres777@users.noreply.github.com",
            "commit_message": "repos for test and prod",
            "commit_sha": "5782fa12114fb63a3010ea504ba2b6c6842b474d",
            "content": "repos_own,https://github.com/odoopartners/odoo_contact,odoo_contact\nrepos_own,https://github.com/odoopartners/odoo_invoicing,odoo_invoicing\nrepos_own,https://github.com/odoopartners/odoo_edocument,odoo_edocument\nrepos_own,https://github.com/odoopartners/odoo_third_apps_contacts,odoo_third_apps_contacts\nrepos_own,https://github.com/odoopartners/odoo_third_apps_financial,odoo_third_apps_financial\nrepos_own,https://github.com/odoopartners/odoo_third_apps_hr,odoo_third_apps_hr\nrepos_own,https://github.com/odoopartners/odoo_third_apps_logistics,odoo_third_apps_logistics\nrepos_own,https://github.com/odoopartners/odoo_third_apps_payroll,odoo_third_apps_payroll\nrepos_own,https://github.com/odoopartners/odoo_third_apps_pos,odoo_third_apps_pos\nrepos_own,https://github.com/odoopartners/odoo_third_apps_products,odoo_third_apps_products\nrepos_own,https://github.com/odoopartners/odoo_third_apps_projects,odoo_third_apps_projects\nrepos_own,https://github.com/odoopartners/odoo_third_apps_purchase,odoo_third_apps_purchase\nrepos_own,https://github.com/odoopartners/odoo_third_apps_server-tools,odoo_third_apps_server-tools\nrepos_oca,https://github.com/OCA/brand,brand\nrepos_oca,https://github.com/OCA/web,web\n",
            "file": "repos.csv",
            "id": "customer7/repos.csv",
            "overwrite_on_create": true,
            "repository": "customer7",
            "sha": "c6fec67ff9cf186587ea6ba54deca3b2071fc8e1"
          },
          "sensitive_attributes": [],
          "private": "bnVsbA==",
          "dependencies": [
            "github_branch.prodbranch",
            "github_repository.customer_name"
          ]
        }
      ]
    },
    {
      "mode": "managed",
      "type": "github_repository_file",
      "name": "repos-test",
      "provider": "provider[\"registry.terraform.io/integrations/github\"]",
      "instances": [
        {
          "schema_version": 0,
          "attributes": {
            "branch": "15-dev",
            "commit_author": "gtorres777",
            "commit_email": "51068028+gtorres777@users.noreply.github.com",
            "commit_message": "repos for test and prod",
            "commit_sha": "d2a348bb65490abdc72d38b1c6bfa6afc46e22ad",
            "content": "repos_own,https://github.com/odoopartners/odoo_contact,odoo_contact\nrepos_own,https://github.com/odoopartners/odoo_invoicing,odoo_invoicing\nrepos_own,https://github.com/odoopartners/odoo_edocument,odoo_edocument\nrepos_own,https://github.com/odoopartners/odoo_third_apps_contacts,odoo_third_apps_contacts\nrepos_own,https://github.com/odoopartners/odoo_third_apps_financial,odoo_third_apps_financial\nrepos_own,https://github.com/odoopartners/odoo_third_apps_hr,odoo_third_apps_hr\nrepos_own,https://github.com/odoopartners/odoo_third_apps_logistics,odoo_third_apps_logistics\nrepos_own,https://github.com/odoopartners/odoo_third_apps_payroll,odoo_third_apps_payroll\nrepos_own,https://github.com/odoopartners/odoo_third_apps_pos,odoo_third_apps_pos\nrepos_own,https://github.com/odoopartners/odoo_third_apps_products,odoo_third_apps_products\nrepos_own,https://github.com/odoopartners/odoo_third_apps_projects,odoo_third_apps_projects\nrepos_own,https://github.com/odoopartners/odoo_third_apps_purchase,odoo_third_apps_purchase\nrepos_own,https://github.com/odoopartners/odoo_third_apps_server-tools,odoo_third_apps_server-tools\nrepos_oca,https://github.com/OCA/brand,brand\nrepos_oca,https://github.com/OCA/web,web\n",
            "file": "repos.csv",
            "id": "customer7/repos.csv",
            "overwrite_on_create": true,
            "repository": "customer7",
            "sha": "c6fec67ff9cf186587ea6ba54deca3b2071fc8e1"
          },
          "sensitive_attributes": [],
          "private": "bnVsbA==",
          "dependencies": [
            "github_branch.testbranch",
            "github_repository.customer_name"
          ]
        }
      ]
    },
    {
      "mode": "managed",
      "type": "jenkins_job",
      "name": "customer_job",
      "provider": "provider[\"registry.terraform.io/taiidani/jenkins\"]",
      "instances": [
        {
          "schema_version": 0,
          "attributes": {
            "folder": "/job/CUSTOMER_PIPELINES",
            "id": "/job/CUSTOMER_PIPELINES/job/customer7-odoo15",
            "name": "customer7-odoo15",
            "parameters": null,
            "template": "\u003c?xml version=\"1.1\" encoding=\"UTF-8\"?\u003e\u003corg.jenkinsci.plugins.workflow.multibranch.WorkflowMultiBranchProject plugin=\"workflow-multibranch@2.26\"\u003e\n  \u003cactions/\u003e\n  \u003cdescription\u003eMultibranch pipeline for customer customer7 \u003c/description\u003e\n  \u003cproperties\u003e\n    \u003corg.jenkinsci.plugins.docker.workflow.declarative.FolderConfig plugin=\"docker-workflow@1.26\"\u003e\n      \u003cdockerLabel/\u003e\n      \u003cregistry plugin=\"docker-commons@1.17\"/\u003e\n    \u003c/org.jenkinsci.plugins.docker.workflow.declarative.FolderConfig\u003e\n  \u003c/properties\u003e\n  \u003cfolderViews class=\"jenkins.branch.MultiBranchProjectViewHolder\" plugin=\"branch-api@2.7.0\"\u003e\n    \u003cowner class=\"org.jenkinsci.plugins.workflow.multibranch.WorkflowMultiBranchProject\" reference=\"../..\"/\u003e\n  \u003c/folderViews\u003e\n  \u003chealthMetrics/\u003e\n  \u003cicon class=\"jenkins.branch.MetadataActionFolderIcon\" plugin=\"branch-api@2.7.0\"\u003e\n    \u003cowner class=\"org.jenkinsci.plugins.workflow.multibranch.WorkflowMultiBranchProject\" reference=\"../..\"/\u003e\n  \u003c/icon\u003e\n  \u003corphanedItemStrategy class=\"com.cloudbees.hudson.plugins.folder.computed.DefaultOrphanedItemStrategy\" plugin=\"cloudbees-folder@6.16\"\u003e\n    \u003cpruneDeadBranches\u003etrue\u003c/pruneDeadBranches\u003e\n    \u003cdaysToKeep\u003e-1\u003c/daysToKeep\u003e\n    \u003cnumToKeep\u003e-1\u003c/numToKeep\u003e\n  \u003c/orphanedItemStrategy\u003e\n  \u003ctriggers/\u003e\n  \u003cdisabled\u003efalse\u003c/disabled\u003e\n  \u003csources class=\"jenkins.branch.MultiBranchProject$BranchSourceList\" plugin=\"branch-api@2.7.0\"\u003e\n    \u003cdata\u003e\n      \u003cjenkins.branch.BranchSource\u003e\n        \u003csource class=\"jenkins.plugins.git.GitSCMSource\" plugin=\"git@4.10.1\"\u003e\n          \u003cid\u003e9616871b-43aa-4cfd-bc50-3ee106b811b1\u003c/id\u003e\n          \u003cremote\u003ehttps://github.com/gtorres777/customer7.git\u003c/remote\u003e\n          \u003ccredentialsId\u003etestgitid\u003c/credentialsId\u003e\n          \u003ctraits\u003e\n            \u003cjenkins.plugins.git.traits.BranchDiscoveryTrait/\u003e\n          \u003c/traits\u003e\n        \u003c/source\u003e\n        \u003cstrategy class=\"jenkins.branch.DefaultBranchPropertyStrategy\"\u003e\n          \u003cproperties class=\"java.util.Arrays$ArrayList\"\u003e\n            \u003ca class=\"jenkins.branch.BranchProperty-array\"\u003e\n              \u003cjenkins.branch.NoTriggerBranchProperty/\u003e\n            \u003c/a\u003e\n          \u003c/properties\u003e\n        \u003c/strategy\u003e\n      \u003c/jenkins.branch.BranchSource\u003e\n    \u003c/data\u003e\n    \u003cowner class=\"org.jenkinsci.plugins.workflow.multibranch.WorkflowMultiBranchProject\" reference=\"../..\"/\u003e\n  \u003c/sources\u003e\n  \u003cfactory class=\"org.jenkinsci.plugins.workflow.multibranch.WorkflowBranchProjectFactory\"\u003e\n    \u003cowner class=\"org.jenkinsci.plugins.workflow.multibranch.WorkflowMultiBranchProject\" reference=\"../..\"/\u003e\n    \u003cscriptPath\u003eJenkinsfile\u003c/scriptPath\u003e\n  \u003c/factory\u003e\n\u003c/org.jenkinsci.plugins.workflow.multibranch.WorkflowMultiBranchProject\u003e"
          },
          "sensitive_attributes": [],
          "private": "bnVsbA==",
          "dependencies": [
            "data.jenkins_folder.customers"
          ]
        }
      ]
    }
  ]
}
