{
  "version": 4,
  "terraform_version": "1.1.7",
  "serial": 10,
  "lineage": "9db5cd8a-7916-42e5-b604-d416ff40af88",
  "outputs": {},
  "resources": [
    {
      "mode": "managed",
      "type": "github_branch",
      "name": "prodbranch",
      "provider": "provider[\"registry.terraform.io/integrations/github\"]",
      "instances": [
        {
          "schema_version": 0,
          "attributes": {
            "branch": "13.0",
            "etag": "W/\"e8b91f5051a9844556bba75cc3b5084c23d55938acaf1243ae471926bda95cbd\"",
            "id": "testcustomer:13.0",
            "ref": "refs/heads/13.0",
            "repository": "testcustomer",
            "sha": "aec0f6647f1188531509baa56e334bd3fba70e81",
            "source_branch": "main",
            "source_sha": "aec0f6647f1188531509baa56e334bd3fba70e81"
          },
          "sensitive_attributes": [],
          "private": "bnVsbA==",
          "dependencies": [
            "github_repository.customer_name"
          ]
        }
      ]
    },
    {
      "mode": "managed",
      "type": "github_branch",
      "name": "testbranch",
      "provider": "provider[\"registry.terraform.io/integrations/github\"]",
      "instances": [
        {
          "schema_version": 0,
          "attributes": {
            "branch": "13-dev",
            "etag": "W/\"786b1a9d8e7abebfc59642a2ae9a90ac40d7fafadb1b318747dccf49add2b365\"",
            "id": "testcustomer:13-dev",
            "ref": "refs/heads/13-dev",
            "repository": "testcustomer",
            "sha": "aec0f6647f1188531509baa56e334bd3fba70e81",
            "source_branch": "main",
            "source_sha": "aec0f6647f1188531509baa56e334bd3fba70e81"
          },
          "sensitive_attributes": [],
          "private": "bnVsbA==",
          "dependencies": [
            "github_repository.customer_name"
          ]
        }
      ]
    },
    {
      "mode": "managed",
      "type": "github_repository",
      "name": "customer_name",
      "provider": "provider[\"registry.terraform.io/integrations/github\"]",
      "instances": [
        {
          "schema_version": 0,
          "attributes": {
            "allow_auto_merge": false,
            "allow_merge_commit": true,
            "allow_rebase_merge": true,
            "allow_squash_merge": true,
            "archive_on_destroy": null,
            "archived": false,
            "auto_init": true,
            "branches": [
              {
                "name": "main",
                "protected": false
              }
            ],
            "default_branch": "main",
            "delete_branch_on_merge": false,
            "description": "Repository created with terraform to test customers",
            "etag": "W/\"250e1f06c63783e75f360b073552acba1c3ba38b4c77daadb423facd0ab894a1\"",
            "full_name": "gtorres777/testcustomer",
            "git_clone_url": "git://github.com/gtorres777/testcustomer.git",
            "gitignore_template": null,
            "has_downloads": false,
            "has_issues": false,
            "has_projects": false,
            "has_wiki": false,
            "homepage_url": "",
            "html_url": "https://github.com/gtorres777/testcustomer",
            "http_clone_url": "https://github.com/gtorres777/testcustomer.git",
            "id": "testcustomer",
            "is_template": false,
            "license_template": null,
            "name": "testcustomer",
            "node_id": "R_kgDOHDILgg",
            "pages": [],
            "private": false,
            "repo_id": 473041794,
            "ssh_clone_url": "git@github.com:gtorres777/testcustomer.git",
            "svn_url": "https://github.com/gtorres777/testcustomer",
            "template": [],
            "topics": null,
            "visibility": "public",
            "vulnerability_alerts": false
          },
          "sensitive_attributes": [],
          "private": "bnVsbA=="
        }
      ]
    },
    {
      "mode": "managed",
      "type": "github_repository_file",
      "name": "dockerfile-prod",
      "provider": "provider[\"registry.terraform.io/integrations/github\"]",
      "instances": [
        {
          "schema_version": 0,
          "attributes": {
            "branch": "13.0",
            "commit_author": "gtorres777",
            "commit_email": "51068028+gtorres777@users.noreply.github.com",
            "commit_message": "Dockerfile for test and prod",
            "commit_sha": "911b025e1f7088e89e73392c216641ffb7633181",
            "content": "FROM  as base\n\nENV ODOO_USER=odoo\n\nUSER ${ODOO_USER}\n\n# Own libraries Odoo\nCOPY ./repositories/ /opt/odoo_dir/\n\n# Install linux packages for extra Addons\nRUN set -x; \\\n    sudo apt-get -qq update \\\n    \u0026\u0026 sudo /dockerfile_extra_addons.sh\n\n# Install python packages for extra Addons\nRUN pip3.7 --no-cache-dir install -r /home/odoo/custom-requirements.txt \\\n    \u0026\u0026 sudo rm -rf /home/odoo/*\n\n# Own libraries Odoo\n\nCMD [\"odoo\"]\n",
            "file": "Dockerfile",
            "id": "testcustomer/Dockerfile",
            "overwrite_on_create": true,
            "repository": "testcustomer",
            "sha": "b29db0a69299548a1f6e9b89dfffc3addf01ef4b"
          },
          "sensitive_attributes": [],
          "private": "bnVsbA==",
          "dependencies": [
            "github_branch.prodbranch",
            "github_repository.customer_name"
          ]
        }
      ]
    },
    {
      "mode": "managed",
      "type": "github_repository_file",
      "name": "dockerfile-test",
      "provider": "provider[\"registry.terraform.io/integrations/github\"]",
      "instances": [
        {
          "schema_version": 0,
          "attributes": {
            "branch": "13-dev",
            "commit_author": "gtorres777",
            "commit_email": "51068028+gtorres777@users.noreply.github.com",
            "commit_message": "Dockerfile for test and prod",
            "commit_sha": "783a36378ea93786278780ee241ebacf91530722",
            "content": "FROM  as base\n\nENV ODOO_USER=odoo\n\nUSER ${ODOO_USER}\n\n# Own libraries Odoo\nCOPY ./repositories/ /opt/odoo_dir/\n\n# Install linux packages for extra Addons\nRUN set -x; \\\n    sudo apt-get -qq update \\\n    \u0026\u0026 sudo /dockerfile_extra_addons.sh\n\n# Install python packages for extra Addons\nRUN pip3.7 --no-cache-dir install -r /home/odoo/custom-requirements.txt \\\n    \u0026\u0026 sudo rm -rf /home/odoo/*\n\n# Own libraries Odoo\n\nCMD [\"odoo\"]\n",
            "file": "Dockerfile",
            "id": "testcustomer/Dockerfile",
            "overwrite_on_create": true,
            "repository": "testcustomer",
            "sha": "b29db0a69299548a1f6e9b89dfffc3addf01ef4b"
          },
          "sensitive_attributes": [],
          "private": "bnVsbA==",
          "dependencies": [
            "github_branch.testbranch",
            "github_repository.customer_name"
          ]
        }
      ]
    },
    {
      "mode": "managed",
      "type": "github_repository_file",
      "name": "jenkinsfile-prod",
      "provider": "provider[\"registry.terraform.io/integrations/github\"]",
      "instances": [
        {
          "schema_version": 0,
          "attributes": {
            "branch": "13.0",
            "commit_author": "gtorres777",
            "commit_email": "51068028+gtorres777@users.noreply.github.com",
            "commit_message": "Jenkinsfile for prod",
            "commit_sha": "2ca53e84df4b22c3b8bb3416ed0b2f419c7cdfa7",
            "content": "@Library('test_shared_library')\n\ndef prod_deploy_name = \"\"\n\ndef odoo_version=\"13.0\"\n\ndef dockerhub_repo_name = \"\"\n\nbuildPipeline(stage:\"prod\",dockerhub_repo_name:\"${dockerhub_repo_name}\",prod_deploy_name:\"${prod_deploy_name}\",odoo_version:\"${odoo_version}\")\n",
            "file": "Jenkinsfile",
            "id": "testcustomer/Jenkinsfile",
            "overwrite_on_create": true,
            "repository": "testcustomer",
            "sha": "8e89ea0af2cd175287efc6a214218e9b1fc24137"
          },
          "sensitive_attributes": [],
          "private": "bnVsbA==",
          "dependencies": [
            "github_branch.prodbranch",
            "github_repository.customer_name"
          ]
        }
      ]
    },
    {
      "mode": "managed",
      "type": "github_repository_file",
      "name": "jenkinsfile-test",
      "provider": "provider[\"registry.terraform.io/integrations/github\"]",
      "instances": [
        {
          "schema_version": 0,
          "attributes": {
            "branch": "13-dev",
            "commit_author": "gtorres777",
            "commit_email": "51068028+gtorres777@users.noreply.github.com",
            "commit_message": "Jenkinsfile for test",
            "commit_sha": "308813f21a60f1d0183521d6907cb39127b71b99",
            "content": "@Library('test_shared_library')\n\ndef prod_deploy_name = \"\"\n\ndef test_deploy_name = \"\"\n\ndef odoo_version=\"13.0\"\n\ndef dockerhub_repo_name = \"\"\n\nbuildPipeline(stage:\"test\",dockerhub_repo_name:\"${dockerhub_repo_name}\",test_deploy_name:\"${test_deploy_name}\",prod_deploy_name:\"${prod_deploy_name}\",odoo_version:\"${odoo_version}\")\n",
            "file": "Jenkinsfile",
            "id": "testcustomer/Jenkinsfile",
            "overwrite_on_create": true,
            "repository": "testcustomer",
            "sha": "9d0ec8196d433975f376e85c1d981385a94b2aed"
          },
          "sensitive_attributes": [],
          "private": "bnVsbA==",
          "dependencies": [
            "github_branch.testbranch",
            "github_repository.customer_name"
          ]
        }
      ]
    },
    {
      "mode": "managed",
      "type": "github_repository_file",
      "name": "repos-prod",
      "provider": "provider[\"registry.terraform.io/integrations/github\"]",
      "instances": [
        {
          "schema_version": 0,
          "attributes": {
            "branch": "13.0",
            "commit_author": "gtorres777",
            "commit_email": "51068028+gtorres777@users.noreply.github.com",
            "commit_message": "repos for test and prod",
            "commit_sha": "7efae94f9ad8741966491c9d733af8eef5d0294e",
            "content": "repos_own,https://github.com/odoopartners/odoo_contact,odoo_contact\nrepos_own,https://github.com/odoopartners/odoo_invoicing,odoo_invoicing\nrepos_own,https://github.com/odoopartners/odoo_edocument,odoo_edocument\nrepos_own,https://github.com/odoopartners/odoo_third_apps_contacts,odoo_third_apps_contacts\nrepos_own,https://github.com/odoopartners/odoo_third_apps_financial,odoo_third_apps_financial\nrepos_own,https://github.com/odoopartners/odoo_third_apps_hr,odoo_third_apps_hr\nrepos_own,https://github.com/odoopartners/odoo_third_apps_logistics,odoo_third_apps_logistics\nrepos_own,https://github.com/odoopartners/odoo_third_apps_payroll,odoo_third_apps_payroll\nrepos_own,https://github.com/odoopartners/odoo_third_apps_pos,odoo_third_apps_pos\nrepos_own,https://github.com/odoopartners/odoo_third_apps_products,odoo_third_apps_products\nrepos_own,https://github.com/odoopartners/odoo_third_apps_projects,odoo_third_apps_projects\nrepos_own,https://github.com/odoopartners/odoo_third_apps_purchase,odoo_third_apps_purchase\nrepos_own,https://github.com/odoopartners/odoo_third_apps_server-tools,odoo_third_apps_server-tools\nrepos_oca,https://github.com/OCA/brand,brand\nrepos_oca,https://github.com/OCA/web,web\n",
            "file": "repos.csv",
            "id": "testcustomer/repos.csv",
            "overwrite_on_create": true,
            "repository": "testcustomer",
            "sha": "c6fec67ff9cf186587ea6ba54deca3b2071fc8e1"
          },
          "sensitive_attributes": [],
          "private": "bnVsbA==",
          "dependencies": [
            "github_branch.prodbranch",
            "github_repository.customer_name"
          ]
        }
      ]
    },
    {
      "mode": "managed",
      "type": "github_repository_file",
      "name": "repos-test",
      "provider": "provider[\"registry.terraform.io/integrations/github\"]",
      "instances": [
        {
          "schema_version": 0,
          "attributes": {
            "branch": "13-dev",
            "commit_author": "gtorres777",
            "commit_email": "51068028+gtorres777@users.noreply.github.com",
            "commit_message": "repos for test and prod",
            "commit_sha": "cb9ee569bf17f46ee9c8e2bf84300ad7047f84ed",
            "content": "repos_own,https://github.com/odoopartners/odoo_contact,odoo_contact\nrepos_own,https://github.com/odoopartners/odoo_invoicing,odoo_invoicing\nrepos_own,https://github.com/odoopartners/odoo_edocument,odoo_edocument\nrepos_own,https://github.com/odoopartners/odoo_third_apps_contacts,odoo_third_apps_contacts\nrepos_own,https://github.com/odoopartners/odoo_third_apps_financial,odoo_third_apps_financial\nrepos_own,https://github.com/odoopartners/odoo_third_apps_hr,odoo_third_apps_hr\nrepos_own,https://github.com/odoopartners/odoo_third_apps_logistics,odoo_third_apps_logistics\nrepos_own,https://github.com/odoopartners/odoo_third_apps_payroll,odoo_third_apps_payroll\nrepos_own,https://github.com/odoopartners/odoo_third_apps_pos,odoo_third_apps_pos\nrepos_own,https://github.com/odoopartners/odoo_third_apps_products,odoo_third_apps_products\nrepos_own,https://github.com/odoopartners/odoo_third_apps_projects,odoo_third_apps_projects\nrepos_own,https://github.com/odoopartners/odoo_third_apps_purchase,odoo_third_apps_purchase\nrepos_own,https://github.com/odoopartners/odoo_third_apps_server-tools,odoo_third_apps_server-tools\nrepos_oca,https://github.com/OCA/brand,brand\nrepos_oca,https://github.com/OCA/web,web\n",
            "file": "repos.csv",
            "id": "testcustomer/repos.csv",
            "overwrite_on_create": true,
            "repository": "testcustomer",
            "sha": "c6fec67ff9cf186587ea6ba54deca3b2071fc8e1"
          },
          "sensitive_attributes": [],
          "private": "bnVsbA==",
          "dependencies": [
            "github_branch.testbranch",
            "github_repository.customer_name"
          ]
        }
      ]
    }
  ]
}
