{
  "version": 4,
  "terraform_version": "1.1.7",
  "serial": 10,
  "lineage": "db4ac3a4-9913-0c8e-1bae-bafb5427f6e4",
  "outputs": {},
  "resources": [
    {
      "mode": "managed",
      "type": "github_branch",
      "name": "prodbranch",
      "provider": "provider[\"registry.terraform.io/integrations/github\"]",
      "instances": [
        {
          "schema_version": 0,
          "attributes": {
            "branch": "15.0",
            "etag": "W/\"adae5ab6f9eaeb8696cd1e909030daee3886cfad3344382941e09dd354efa079\"",
            "id": "testcustomer15:15.0",
            "ref": "refs/heads/15.0",
            "repository": "testcustomer15",
            "sha": "87cb695349a496efa529089e165722607e6fdac6",
            "source_branch": "main",
            "source_sha": "87cb695349a496efa529089e165722607e6fdac6"
          },
          "sensitive_attributes": [],
          "private": "bnVsbA==",
          "dependencies": [
            "github_repository.customer_name"
          ]
        }
      ]
    },
    {
      "mode": "managed",
      "type": "github_branch",
      "name": "testbranch",
      "provider": "provider[\"registry.terraform.io/integrations/github\"]",
      "instances": [
        {
          "schema_version": 0,
          "attributes": {
            "branch": "15-dev",
            "etag": "W/\"c3035c92b5f390618d181e957baf8d6cca48420eef44b988ae16cd9a51695528\"",
            "id": "testcustomer15:15-dev",
            "ref": "refs/heads/15-dev",
            "repository": "testcustomer15",
            "sha": "87cb695349a496efa529089e165722607e6fdac6",
            "source_branch": "main",
            "source_sha": "87cb695349a496efa529089e165722607e6fdac6"
          },
          "sensitive_attributes": [],
          "private": "bnVsbA==",
          "dependencies": [
            "github_repository.customer_name"
          ]
        }
      ]
    },
    {
      "mode": "managed",
      "type": "github_repository",
      "name": "customer_name",
      "provider": "provider[\"registry.terraform.io/integrations/github\"]",
      "instances": [
        {
          "schema_version": 0,
          "attributes": {
            "allow_auto_merge": false,
            "allow_merge_commit": true,
            "allow_rebase_merge": true,
            "allow_squash_merge": true,
            "archive_on_destroy": null,
            "archived": false,
            "auto_init": true,
            "branches": [
              {
                "name": "main",
                "protected": false
              }
            ],
            "default_branch": "main",
            "delete_branch_on_merge": false,
            "description": "Repository created with terraform to test customers",
            "etag": "W/\"82cffe8814991891d614e831b9296dd44212fe367c42c252dd1ef9c04b604d39\"",
            "full_name": "gtorres777/testcustomer15",
            "git_clone_url": "git://github.com/gtorres777/testcustomer15.git",
            "gitignore_template": null,
            "has_downloads": false,
            "has_issues": false,
            "has_projects": false,
            "has_wiki": false,
            "homepage_url": "",
            "html_url": "https://github.com/gtorres777/testcustomer15",
            "http_clone_url": "https://github.com/gtorres777/testcustomer15.git",
            "id": "testcustomer15",
            "is_template": false,
            "license_template": null,
            "name": "testcustomer15",
            "node_id": "R_kgDOHDIk8A",
            "pages": [],
            "private": false,
            "repo_id": 473048304,
            "ssh_clone_url": "git@github.com:gtorres777/testcustomer15.git",
            "svn_url": "https://github.com/gtorres777/testcustomer15",
            "template": [],
            "topics": null,
            "visibility": "public",
            "vulnerability_alerts": false
          },
          "sensitive_attributes": [],
          "private": "bnVsbA=="
        }
      ]
    },
    {
      "mode": "managed",
      "type": "github_repository_file",
      "name": "dockerfile-prod",
      "provider": "provider[\"registry.terraform.io/integrations/github\"]",
      "instances": [
        {
          "schema_version": 0,
          "attributes": {
            "branch": "15.0",
            "commit_author": "gtorres777",
            "commit_email": "51068028+gtorres777@users.noreply.github.com",
            "commit_message": "Dockerfile for test and prod",
            "commit_sha": "6e9d382e89bc2581dde991ffc827637057989d92",
            "content": "FROM  as base\n\nENV ODOO_USER=odoo\n\nUSER ${ODOO_USER}\n\n# Own libraries Odoo\nCOPY ./repositories/ /opt/odoo_dir/\n\n# Install linux packages for extra Addons\nRUN set -x; \\\n    sudo apt-get -qq update \\\n    \u0026\u0026 sudo /dockerfile_extra_addons.sh\n\n# Install python packages for extra Addons\nRUN pip3.9 --no-cache-dir install -r /home/odoo/custom-requirements.txt \\\n    \u0026\u0026 sudo rm -rf /home/odoo/*\n\n# Own libraries Odoo\n\nCMD [\"odoo\"]\n",
            "file": "Dockerfile",
            "id": "testcustomer15/Dockerfile",
            "overwrite_on_create": true,
            "repository": "testcustomer15",
            "sha": "3d5c3c1f82f3cff5f66d8010a7824f101cfdd40e"
          },
          "sensitive_attributes": [],
          "private": "bnVsbA==",
          "dependencies": [
            "github_branch.prodbranch",
            "github_repository.customer_name"
          ]
        }
      ]
    },
    {
      "mode": "managed",
      "type": "github_repository_file",
      "name": "dockerfile-test",
      "provider": "provider[\"registry.terraform.io/integrations/github\"]",
      "instances": [
        {
          "schema_version": 0,
          "attributes": {
            "branch": "15-dev",
            "commit_author": "gtorres777",
            "commit_email": "51068028+gtorres777@users.noreply.github.com",
            "commit_message": "Dockerfile for test and prod",
            "commit_sha": "ce37cb7865a0bc6f38987113c6ff8841ac532e30",
            "content": "FROM  as base\n\nENV ODOO_USER=odoo\n\nUSER ${ODOO_USER}\n\n# Own libraries Odoo\nCOPY ./repositories/ /opt/odoo_dir/\n\n# Install linux packages for extra Addons\nRUN set -x; \\\n    sudo apt-get -qq update \\\n    \u0026\u0026 sudo /dockerfile_extra_addons.sh\n\n# Install python packages for extra Addons\nRUN pip3.9 --no-cache-dir install -r /home/odoo/custom-requirements.txt \\\n    \u0026\u0026 sudo rm -rf /home/odoo/*\n\n# Own libraries Odoo\n\nCMD [\"odoo\"]\n",
            "file": "Dockerfile",
            "id": "testcustomer15/Dockerfile",
            "overwrite_on_create": true,
            "repository": "testcustomer15",
            "sha": "3d5c3c1f82f3cff5f66d8010a7824f101cfdd40e"
          },
          "sensitive_attributes": [],
          "private": "bnVsbA==",
          "dependencies": [
            "github_branch.testbranch",
            "github_repository.customer_name"
          ]
        }
      ]
    },
    {
      "mode": "managed",
      "type": "github_repository_file",
      "name": "jenkinsfile-prod",
      "provider": "provider[\"registry.terraform.io/integrations/github\"]",
      "instances": [
        {
          "schema_version": 0,
          "attributes": {
            "branch": "15.0",
            "commit_author": "gtorres777",
            "commit_email": "51068028+gtorres777@users.noreply.github.com",
            "commit_message": "Jenkinsfile for prod",
            "commit_sha": "303f579acb609f08d3aae9a94cef7ff606ac3c2d",
            "content": "@Library('test_shared_library')\n\ndef prod_deploy_name = \"testcustomer15-odoo15\"\n\ndef odoo_version=\"15.0\"\n\ndef dockerhub_repo_name = \"testcustomer15\"\n\nbuildPipeline(stage:\"prod\",dockerhub_repo_name:\"${dockerhub_repo_name}\",prod_deploy_name:\"${prod_deploy_name}\",odoo_version:\"${odoo_version}\")\n",
            "file": "Jenkinsfile",
            "id": "testcustomer15/Jenkinsfile",
            "overwrite_on_create": true,
            "repository": "testcustomer15",
            "sha": "a0b6c7bfca6169c2ad158ed90325abfe9fb16203"
          },
          "sensitive_attributes": [],
          "private": "bnVsbA==",
          "dependencies": [
            "github_branch.prodbranch",
            "github_repository.customer_name"
          ]
        }
      ]
    },
    {
      "mode": "managed",
      "type": "github_repository_file",
      "name": "jenkinsfile-test",
      "provider": "provider[\"registry.terraform.io/integrations/github\"]",
      "instances": [
        {
          "schema_version": 0,
          "attributes": {
            "branch": "15-dev",
            "commit_author": "gtorres777",
            "commit_email": "51068028+gtorres777@users.noreply.github.com",
            "commit_message": "Jenkinsfile for test",
            "commit_sha": "0472db2272bc906d5b36f89c0d41b543d66d1661",
            "content": "@Library('test_shared_library')\n\ndef prod_deploy_name = \"testcustomer15-odoo15\"\n\ndef test_deploy_name = \"testcustomer15-test-odoo15\"\n\ndef odoo_version=\"15.0\"\n\ndef dockerhub_repo_name = \"testcustomer15\"\n\nbuildPipeline(stage:\"test\",dockerhub_repo_name:\"${dockerhub_repo_name}\",test_deploy_name:\"${test_deploy_name}\",prod_deploy_name:\"${prod_deploy_name}\",odoo_version:\"${odoo_version}\")\n",
            "file": "Jenkinsfile",
            "id": "testcustomer15/Jenkinsfile",
            "overwrite_on_create": true,
            "repository": "testcustomer15",
            "sha": "14edb7f0ce329de7b1880c2fe43e0afb8af0d290"
          },
          "sensitive_attributes": [],
          "private": "bnVsbA==",
          "dependencies": [
            "github_branch.testbranch",
            "github_repository.customer_name"
          ]
        }
      ]
    },
    {
      "mode": "managed",
      "type": "github_repository_file",
      "name": "repos-prod",
      "provider": "provider[\"registry.terraform.io/integrations/github\"]",
      "instances": [
        {
          "schema_version": 0,
          "attributes": {
            "branch": "15.0",
            "commit_author": "gtorres777",
            "commit_email": "51068028+gtorres777@users.noreply.github.com",
            "commit_message": "repos for test and prod",
            "commit_sha": "7dd05130538c8a238b76c8f19f43201c03168350",
            "content": "repos_own,https://github.com/odoopartners/odoo_contact,odoo_contact\nrepos_own,https://github.com/odoopartners/odoo_invoicing,odoo_invoicing\nrepos_own,https://github.com/odoopartners/odoo_edocument,odoo_edocument\nrepos_own,https://github.com/odoopartners/odoo_third_apps_contacts,odoo_third_apps_contacts\nrepos_own,https://github.com/odoopartners/odoo_third_apps_financial,odoo_third_apps_financial\nrepos_own,https://github.com/odoopartners/odoo_third_apps_hr,odoo_third_apps_hr\nrepos_own,https://github.com/odoopartners/odoo_third_apps_logistics,odoo_third_apps_logistics\nrepos_own,https://github.com/odoopartners/odoo_third_apps_payroll,odoo_third_apps_payroll\nrepos_own,https://github.com/odoopartners/odoo_third_apps_pos,odoo_third_apps_pos\nrepos_own,https://github.com/odoopartners/odoo_third_apps_products,odoo_third_apps_products\nrepos_own,https://github.com/odoopartners/odoo_third_apps_projects,odoo_third_apps_projects\nrepos_own,https://github.com/odoopartners/odoo_third_apps_purchase,odoo_third_apps_purchase\nrepos_own,https://github.com/odoopartners/odoo_third_apps_server-tools,odoo_third_apps_server-tools\nrepos_oca,https://github.com/OCA/brand,brand\nrepos_oca,https://github.com/OCA/web,web\n",
            "file": "repos.csv",
            "id": "testcustomer15/repos.csv",
            "overwrite_on_create": true,
            "repository": "testcustomer15",
            "sha": "c6fec67ff9cf186587ea6ba54deca3b2071fc8e1"
          },
          "sensitive_attributes": [],
          "private": "bnVsbA==",
          "dependencies": [
            "github_branch.prodbranch",
            "github_repository.customer_name"
          ]
        }
      ]
    },
    {
      "mode": "managed",
      "type": "github_repository_file",
      "name": "repos-test",
      "provider": "provider[\"registry.terraform.io/integrations/github\"]",
      "instances": [
        {
          "schema_version": 0,
          "attributes": {
            "branch": "15-dev",
            "commit_author": "gtorres777",
            "commit_email": "51068028+gtorres777@users.noreply.github.com",
            "commit_message": "repos for test and prod",
            "commit_sha": "dd84c4fe0719671e76c8431b21c1f69be5d89db7",
            "content": "repos_own,https://github.com/odoopartners/odoo_contact,odoo_contact\nrepos_own,https://github.com/odoopartners/odoo_invoicing,odoo_invoicing\nrepos_own,https://github.com/odoopartners/odoo_edocument,odoo_edocument\nrepos_own,https://github.com/odoopartners/odoo_third_apps_contacts,odoo_third_apps_contacts\nrepos_own,https://github.com/odoopartners/odoo_third_apps_financial,odoo_third_apps_financial\nrepos_own,https://github.com/odoopartners/odoo_third_apps_hr,odoo_third_apps_hr\nrepos_own,https://github.com/odoopartners/odoo_third_apps_logistics,odoo_third_apps_logistics\nrepos_own,https://github.com/odoopartners/odoo_third_apps_payroll,odoo_third_apps_payroll\nrepos_own,https://github.com/odoopartners/odoo_third_apps_pos,odoo_third_apps_pos\nrepos_own,https://github.com/odoopartners/odoo_third_apps_products,odoo_third_apps_products\nrepos_own,https://github.com/odoopartners/odoo_third_apps_projects,odoo_third_apps_projects\nrepos_own,https://github.com/odoopartners/odoo_third_apps_purchase,odoo_third_apps_purchase\nrepos_own,https://github.com/odoopartners/odoo_third_apps_server-tools,odoo_third_apps_server-tools\nrepos_oca,https://github.com/OCA/brand,brand\nrepos_oca,https://github.com/OCA/web,web\n",
            "file": "repos.csv",
            "id": "testcustomer15/repos.csv",
            "overwrite_on_create": true,
            "repository": "testcustomer15",
            "sha": "c6fec67ff9cf186587ea6ba54deca3b2071fc8e1"
          },
          "sensitive_attributes": [],
          "private": "bnVsbA==",
          "dependencies": [
            "github_branch.testbranch",
            "github_repository.customer_name"
          ]
        }
      ]
    }
  ]
}
