{
  "version": 4,
  "terraform_version": "1.1.7",
  "serial": 12,
  "lineage": "d9ac6cc7-8185-b360-64a5-37a24fe7bb48",
  "outputs": {},
  "resources": [
    {
      "mode": "data",
      "type": "jenkins_folder",
      "name": "customers",
      "provider": "provider[\"registry.terraform.io/taiidani/jenkins\"]",
      "instances": [
        {
          "schema_version": 0,
          "attributes": {
            "description": "",
            "display_name": "",
            "folder": "",
            "id": "/job/CUSTOMER_PIPELINES",
            "name": "CUSTOMER_PIPELINES",
            "security": [],
            "template": "\u003c?xml version='1.1' encoding='UTF-8'?\u003e\n\u003ccom.cloudbees.hudson.plugins.folder.Folder plugin=\"cloudbees-folder@6.16\"\u003e\n  \u003cactions/\u003e\n  \u003cproperties/\u003e\n  \u003cfolderViews class=\"com.cloudbees.hudson.plugins.folder.views.DefaultFolderViewHolder\"\u003e\n    \u003cviews\u003e\n      \u003chudson.model.AllView\u003e\n        \u003cowner class=\"com.cloudbees.hudson.plugins.folder.Folder\" reference=\"../../../..\"/\u003e\n        \u003cname\u003eAll\u003c/name\u003e\n        \u003cfilterExecutors\u003efalse\u003c/filterExecutors\u003e\n        \u003cfilterQueue\u003efalse\u003c/filterQueue\u003e\n        \u003cproperties class=\"hudson.model.View$PropertyList\"/\u003e\n      \u003c/hudson.model.AllView\u003e\n    \u003c/views\u003e\n    \u003ctabBar class=\"hudson.views.DefaultViewsTabBar\"/\u003e\n  \u003c/folderViews\u003e\n  \u003chealthMetrics/\u003e\n  \u003cicon class=\"com.cloudbees.hudson.plugins.folder.icons.StockFolderIcon\"/\u003e\n\u003c/com.cloudbees.hudson.plugins.folder.Folder\u003e"
          },
          "sensitive_attributes": []
        }
      ]
    },
    {
      "mode": "managed",
      "type": "dockerhub_repository",
      "name": "project",
      "provider": "provider[\"registry.terraform.io/magenta-aps/dockerhub\"]",
      "instances": [
        {
          "schema_version": 0,
          "attributes": {
            "description": "Client customer9 repository",
            "full_description": null,
            "id": "odoopartners/customer9",
            "name": "customer9",
            "namespace": "odoopartners",
            "private": true
          },
          "sensitive_attributes": [],
          "private": "bnVsbA=="
        }
      ]
    },
    {
      "mode": "managed",
      "type": "github_branch",
      "name": "prodbranch",
      "provider": "provider[\"registry.terraform.io/integrations/github\"]",
      "instances": [
        {
          "schema_version": 0,
          "attributes": {
            "branch": "15.0",
            "etag": "W/\"9d27fa502e9a09d9ab412327684de75c10f686311c3b7b6246e78853f674e2d9\"",
            "id": "customer9:15.0",
            "ref": "refs/heads/15.0",
            "repository": "customer9",
            "sha": "8c3c14f29ce5b5e79877140d487ea00f7c2f307a",
            "source_branch": "main",
            "source_sha": "8c3c14f29ce5b5e79877140d487ea00f7c2f307a"
          },
          "sensitive_attributes": [],
          "private": "bnVsbA==",
          "dependencies": [
            "github_repository.customer_name"
          ]
        }
      ]
    },
    {
      "mode": "managed",
      "type": "github_branch",
      "name": "testbranch",
      "provider": "provider[\"registry.terraform.io/integrations/github\"]",
      "instances": [
        {
          "schema_version": 0,
          "attributes": {
            "branch": "15-dev",
            "etag": "W/\"c0ce4cf8639206b813f2174d1fa7407a5881180957cd330f7ad1c1e266107d14\"",
            "id": "customer9:15-dev",
            "ref": "refs/heads/15-dev",
            "repository": "customer9",
            "sha": "8c3c14f29ce5b5e79877140d487ea00f7c2f307a",
            "source_branch": "main",
            "source_sha": "8c3c14f29ce5b5e79877140d487ea00f7c2f307a"
          },
          "sensitive_attributes": [],
          "private": "bnVsbA==",
          "dependencies": [
            "github_repository.customer_name"
          ]
        }
      ]
    },
    {
      "mode": "managed",
      "type": "github_repository",
      "name": "customer_name",
      "provider": "provider[\"registry.terraform.io/integrations/github\"]",
      "instances": [
        {
          "schema_version": 0,
          "attributes": {
            "allow_auto_merge": false,
            "allow_merge_commit": true,
            "allow_rebase_merge": true,
            "allow_squash_merge": true,
            "archive_on_destroy": null,
            "archived": false,
            "auto_init": true,
            "branches": [
              {
                "name": "main",
                "protected": false
              }
            ],
            "default_branch": "main",
            "delete_branch_on_merge": false,
            "description": "Repository created with terraform to test customers",
            "etag": "W/\"19583562c8dcb6f46ea5b9a6a60c6fe198613198f934b6c6c2ceeab947a00758\"",
            "full_name": "gtorres777/customer9",
            "git_clone_url": "git://github.com/gtorres777/customer9.git",
            "gitignore_template": null,
            "has_downloads": false,
            "has_issues": false,
            "has_projects": false,
            "has_wiki": false,
            "homepage_url": "",
            "html_url": "https://github.com/gtorres777/customer9",
            "http_clone_url": "https://github.com/gtorres777/customer9.git",
            "id": "customer9",
            "is_template": false,
            "license_template": null,
            "name": "customer9",
            "node_id": "R_kgDOHD2eVw",
            "pages": [],
            "private": false,
            "repo_id": 473800279,
            "ssh_clone_url": "git@github.com:gtorres777/customer9.git",
            "svn_url": "https://github.com/gtorres777/customer9",
            "template": [],
            "topics": null,
            "visibility": "public",
            "vulnerability_alerts": false
          },
          "sensitive_attributes": [],
          "private": "bnVsbA=="
        }
      ]
    },
    {
      "mode": "managed",
      "type": "github_repository_file",
      "name": "dockerfile-prod",
      "provider": "provider[\"registry.terraform.io/integrations/github\"]",
      "instances": [
        {
          "schema_version": 0,
          "attributes": {
            "branch": "15.0",
            "commit_author": "gtorres777",
            "commit_email": "51068028+gtorres777@users.noreply.github.com",
            "commit_message": "Dockerfile for test and prod",
            "commit_sha": "a34023cb5d5ab14b84d4121eddb8a41dc324438d",
            "content": "FROM  as base\n\nENV ODOO_USER=odoo\n\nUSER ${ODOO_USER}\n\n# Own libraries Odoo\nCOPY ./repositories/ /opt/odoo_dir/\n\n# Install linux packages for extra Addons\nRUN set -x; \\\n    sudo apt-get -qq update \\\n    \u0026\u0026 sudo /dockerfile_extra_addons.sh\n\n# Install python packages for extra Addons\nRUN pip3.9 --no-cache-dir install -r /home/odoo/custom-requirements.txt \\\n    \u0026\u0026 sudo rm -rf /home/odoo/*\n\n# Own libraries Odoo\n\nCMD [\"odoo\"]\n",
            "file": "Dockerfile",
            "id": "customer9/Dockerfile",
            "overwrite_on_create": true,
            "repository": "customer9",
            "sha": "3d5c3c1f82f3cff5f66d8010a7824f101cfdd40e"
          },
          "sensitive_attributes": [],
          "private": "bnVsbA==",
          "dependencies": [
            "github_branch.prodbranch",
            "github_repository.customer_name"
          ]
        }
      ]
    },
    {
      "mode": "managed",
      "type": "github_repository_file",
      "name": "dockerfile-test",
      "provider": "provider[\"registry.terraform.io/integrations/github\"]",
      "instances": [
        {
          "schema_version": 0,
          "attributes": {
            "branch": "15-dev",
            "commit_author": "gtorres777",
            "commit_email": "51068028+gtorres777@users.noreply.github.com",
            "commit_message": "Dockerfile for test and prod",
            "commit_sha": "580ad3512f37660de4218cbe68f37ce4f116a6e6",
            "content": "FROM  as base\n\nENV ODOO_USER=odoo\n\nUSER ${ODOO_USER}\n\n# Own libraries Odoo\nCOPY ./repositories/ /opt/odoo_dir/\n\n# Install linux packages for extra Addons\nRUN set -x; \\\n    sudo apt-get -qq update \\\n    \u0026\u0026 sudo /dockerfile_extra_addons.sh\n\n# Install python packages for extra Addons\nRUN pip3.9 --no-cache-dir install -r /home/odoo/custom-requirements.txt \\\n    \u0026\u0026 sudo rm -rf /home/odoo/*\n\n# Own libraries Odoo\n\nCMD [\"odoo\"]\n",
            "file": "Dockerfile",
            "id": "customer9/Dockerfile",
            "overwrite_on_create": true,
            "repository": "customer9",
            "sha": "3d5c3c1f82f3cff5f66d8010a7824f101cfdd40e"
          },
          "sensitive_attributes": [],
          "private": "bnVsbA==",
          "dependencies": [
            "github_branch.testbranch",
            "github_repository.customer_name"
          ]
        }
      ]
    },
    {
      "mode": "managed",
      "type": "github_repository_file",
      "name": "jenkinsfile-prod",
      "provider": "provider[\"registry.terraform.io/integrations/github\"]",
      "instances": [
        {
          "schema_version": 0,
          "attributes": {
            "branch": "15.0",
            "commit_author": "gtorres777",
            "commit_email": "51068028+gtorres777@users.noreply.github.com",
            "commit_message": "Jenkinsfile for prod",
            "commit_sha": "72445e67d5168cf3be874e4465b408d348b4a28f",
            "content": "@Library('test_shared_library')\n\ndef prod_deploy_name = \"customer9-odoo15\"\n\ndef odoo_version=\"15.0\"\n\ndef dockerhub_repo_name = \"customer9\"\n\nbuildPipeline(stage:\"prod\",dockerhub_repo_name:\"${dockerhub_repo_name}\",prod_deploy_name:\"${prod_deploy_name}\",odoo_version:\"${odoo_version}\")\n",
            "file": "Jenkinsfile",
            "id": "customer9/Jenkinsfile",
            "overwrite_on_create": true,
            "repository": "customer9",
            "sha": "0ffc20b407296dc28a251797df0721944bd2da06"
          },
          "sensitive_attributes": [],
          "private": "bnVsbA==",
          "dependencies": [
            "github_branch.prodbranch",
            "github_repository.customer_name"
          ]
        }
      ]
    },
    {
      "mode": "managed",
      "type": "github_repository_file",
      "name": "jenkinsfile-test",
      "provider": "provider[\"registry.terraform.io/integrations/github\"]",
      "instances": [
        {
          "schema_version": 0,
          "attributes": {
            "branch": "15-dev",
            "commit_author": "gtorres777",
            "commit_email": "51068028+gtorres777@users.noreply.github.com",
            "commit_message": "Jenkinsfile for test",
            "commit_sha": "7f818114110a51807cc0c1080c73fe07df4ed046",
            "content": "@Library('test_shared_library')\n\ndef prod_deploy_name = \"customer9-odoo15\"\n\ndef test_deploy_name = \"customer9-test-odoo15\"\n\ndef odoo_version=\"15.0\"\n\ndef dockerhub_repo_name = \"customer9\"\n\nbuildPipeline(stage:\"test\",dockerhub_repo_name:\"${dockerhub_repo_name}\",test_deploy_name:\"${test_deploy_name}\",prod_deploy_name:\"${prod_deploy_name}\",odoo_version:\"${odoo_version}\")\n",
            "file": "Jenkinsfile",
            "id": "customer9/Jenkinsfile",
            "overwrite_on_create": true,
            "repository": "customer9",
            "sha": "4b3f875b237bca12d3673543153f284c73a50eac"
          },
          "sensitive_attributes": [],
          "private": "bnVsbA==",
          "dependencies": [
            "github_branch.testbranch",
            "github_repository.customer_name"
          ]
        }
      ]
    },
    {
      "mode": "managed",
      "type": "github_repository_file",
      "name": "repos-prod",
      "provider": "provider[\"registry.terraform.io/integrations/github\"]",
      "instances": [
        {
          "schema_version": 0,
          "attributes": {
            "branch": "15.0",
            "commit_author": "gtorres777",
            "commit_email": "51068028+gtorres777@users.noreply.github.com",
            "commit_message": "repos for test and prod",
            "commit_sha": "7eff6ee8ffe26e82f9894199ae733a4005cda492",
            "content": "repos_own,https://github.com/odoopartners/odoo_contact,odoo_contact\nrepos_own,https://github.com/odoopartners/odoo_invoicing,odoo_invoicing\nrepos_own,https://github.com/odoopartners/odoo_edocument,odoo_edocument\nrepos_own,https://github.com/odoopartners/odoo_third_apps_contacts,odoo_third_apps_contacts\nrepos_own,https://github.com/odoopartners/odoo_third_apps_financial,odoo_third_apps_financial\nrepos_own,https://github.com/odoopartners/odoo_third_apps_hr,odoo_third_apps_hr\nrepos_own,https://github.com/odoopartners/odoo_third_apps_logistics,odoo_third_apps_logistics\nrepos_own,https://github.com/odoopartners/odoo_third_apps_payroll,odoo_third_apps_payroll\nrepos_own,https://github.com/odoopartners/odoo_third_apps_pos,odoo_third_apps_pos\nrepos_own,https://github.com/odoopartners/odoo_third_apps_products,odoo_third_apps_products\nrepos_own,https://github.com/odoopartners/odoo_third_apps_projects,odoo_third_apps_projects\nrepos_own,https://github.com/odoopartners/odoo_third_apps_purchase,odoo_third_apps_purchase\nrepos_own,https://github.com/odoopartners/odoo_third_apps_server-tools,odoo_third_apps_server-tools\nrepos_oca,https://github.com/OCA/brand,brand\nrepos_oca,https://github.com/OCA/web,web\n",
            "file": "repos.csv",
            "id": "customer9/repos.csv",
            "overwrite_on_create": true,
            "repository": "customer9",
            "sha": "c6fec67ff9cf186587ea6ba54deca3b2071fc8e1"
          },
          "sensitive_attributes": [],
          "private": "bnVsbA==",
          "dependencies": [
            "github_branch.prodbranch",
            "github_repository.customer_name"
          ]
        }
      ]
    },
    {
      "mode": "managed",
      "type": "github_repository_file",
      "name": "repos-test",
      "provider": "provider[\"registry.terraform.io/integrations/github\"]",
      "instances": [
        {
          "schema_version": 0,
          "attributes": {
            "branch": "15-dev",
            "commit_author": "gtorres777",
            "commit_email": "51068028+gtorres777@users.noreply.github.com",
            "commit_message": "repos for test and prod",
            "commit_sha": "0bcb50a39d185f265a3d4a3c3cc718fc911728cf",
            "content": "repos_own,https://github.com/odoopartners/odoo_contact,odoo_contact\nrepos_own,https://github.com/odoopartners/odoo_invoicing,odoo_invoicing\nrepos_own,https://github.com/odoopartners/odoo_edocument,odoo_edocument\nrepos_own,https://github.com/odoopartners/odoo_third_apps_contacts,odoo_third_apps_contacts\nrepos_own,https://github.com/odoopartners/odoo_third_apps_financial,odoo_third_apps_financial\nrepos_own,https://github.com/odoopartners/odoo_third_apps_hr,odoo_third_apps_hr\nrepos_own,https://github.com/odoopartners/odoo_third_apps_logistics,odoo_third_apps_logistics\nrepos_own,https://github.com/odoopartners/odoo_third_apps_payroll,odoo_third_apps_payroll\nrepos_own,https://github.com/odoopartners/odoo_third_apps_pos,odoo_third_apps_pos\nrepos_own,https://github.com/odoopartners/odoo_third_apps_products,odoo_third_apps_products\nrepos_own,https://github.com/odoopartners/odoo_third_apps_projects,odoo_third_apps_projects\nrepos_own,https://github.com/odoopartners/odoo_third_apps_purchase,odoo_third_apps_purchase\nrepos_own,https://github.com/odoopartners/odoo_third_apps_server-tools,odoo_third_apps_server-tools\nrepos_oca,https://github.com/OCA/brand,brand\nrepos_oca,https://github.com/OCA/web,web\n",
            "file": "repos.csv",
            "id": "customer9/repos.csv",
            "overwrite_on_create": true,
            "repository": "customer9",
            "sha": "c6fec67ff9cf186587ea6ba54deca3b2071fc8e1"
          },
          "sensitive_attributes": [],
          "private": "bnVsbA==",
          "dependencies": [
            "github_branch.testbranch",
            "github_repository.customer_name"
          ]
        }
      ]
    },
    {
      "mode": "managed",
      "type": "jenkins_job",
      "name": "customer_job",
      "provider": "provider[\"registry.terraform.io/taiidani/jenkins\"]",
      "instances": [
        {
          "schema_version": 0,
          "attributes": {
            "folder": "/job/CUSTOMER_PIPELINES",
            "id": "/job/CUSTOMER_PIPELINES/job/customer9-odoo15",
            "name": "customer9-odoo15",
            "parameters": null,
            "template": "\u003c?xml version=\"1.1\" encoding=\"UTF-8\"?\u003e\u003corg.jenkinsci.plugins.workflow.multibranch.WorkflowMultiBranchProject plugin=\"workflow-multibranch@2.26\"\u003e\n  \u003cactions/\u003e\n  \u003cdescription\u003eMultibranch pipeline for customer customer9 \u003c/description\u003e\n  \u003cproperties\u003e\n    \u003corg.jenkinsci.plugins.docker.workflow.declarative.FolderConfig plugin=\"docker-workflow@1.26\"\u003e\n      \u003cdockerLabel/\u003e\n      \u003cregistry plugin=\"docker-commons@1.17\"/\u003e\n    \u003c/org.jenkinsci.plugins.docker.workflow.declarative.FolderConfig\u003e\n  \u003c/properties\u003e\n  \u003cfolderViews class=\"jenkins.branch.MultiBranchProjectViewHolder\" plugin=\"branch-api@2.7.0\"\u003e\n    \u003cowner class=\"org.jenkinsci.plugins.workflow.multibranch.WorkflowMultiBranchProject\" reference=\"../..\"/\u003e\n  \u003c/folderViews\u003e\n  \u003chealthMetrics/\u003e\n  \u003cicon class=\"jenkins.branch.MetadataActionFolderIcon\" plugin=\"branch-api@2.7.0\"\u003e\n    \u003cowner class=\"org.jenkinsci.plugins.workflow.multibranch.WorkflowMultiBranchProject\" reference=\"../..\"/\u003e\n  \u003c/icon\u003e\n  \u003corphanedItemStrategy class=\"com.cloudbees.hudson.plugins.folder.computed.DefaultOrphanedItemStrategy\" plugin=\"cloudbees-folder@6.16\"\u003e\n    \u003cpruneDeadBranches\u003etrue\u003c/pruneDeadBranches\u003e\n    \u003cdaysToKeep\u003e-1\u003c/daysToKeep\u003e\n    \u003cnumToKeep\u003e-1\u003c/numToKeep\u003e\n  \u003c/orphanedItemStrategy\u003e\n  \u003ctriggers/\u003e\n  \u003cdisabled\u003efalse\u003c/disabled\u003e\n  \u003csources class=\"jenkins.branch.MultiBranchProject$BranchSourceList\" plugin=\"branch-api@2.7.0\"\u003e\n    \u003cdata\u003e\n      \u003cjenkins.branch.BranchSource\u003e\n        \u003csource class=\"jenkins.plugins.git.GitSCMSource\" plugin=\"git@4.10.1\"\u003e\n          \u003cid\u003e9616871b-43aa-4cfd-bc50-3ee106b811b1\u003c/id\u003e\n          \u003cremote\u003ehttps://github.com/gtorres777/customer9.git\u003c/remote\u003e\n          \u003ccredentialsId\u003etestgitid\u003c/credentialsId\u003e\n          \u003ctraits\u003e\n            \u003cjenkins.plugins.git.traits.BranchDiscoveryTrait/\u003e\n          \u003c/traits\u003e\n        \u003c/source\u003e\n        \u003cstrategy class=\"jenkins.branch.DefaultBranchPropertyStrategy\"\u003e\n          \u003cproperties class=\"java.util.Arrays$ArrayList\"\u003e\n            \u003ca class=\"jenkins.branch.BranchProperty-array\"\u003e\n              \u003cjenkins.branch.NoTriggerBranchProperty/\u003e\n            \u003c/a\u003e\n          \u003c/properties\u003e\n        \u003c/strategy\u003e\n      \u003c/jenkins.branch.BranchSource\u003e\n    \u003c/data\u003e\n    \u003cowner class=\"org.jenkinsci.plugins.workflow.multibranch.WorkflowMultiBranchProject\" reference=\"../..\"/\u003e\n  \u003c/sources\u003e\n  \u003cfactory class=\"org.jenkinsci.plugins.workflow.multibranch.WorkflowBranchProjectFactory\"\u003e\n    \u003cowner class=\"org.jenkinsci.plugins.workflow.multibranch.WorkflowMultiBranchProject\" reference=\"../..\"/\u003e\n    \u003cscriptPath\u003eJenkinsfile\u003c/scriptPath\u003e\n  \u003c/factory\u003e\n\u003c/org.jenkinsci.plugins.workflow.multibranch.WorkflowMultiBranchProject\u003e"
          },
          "sensitive_attributes": [],
          "private": "bnVsbA==",
          "dependencies": [
            "data.jenkins_folder.customers"
          ]
        }
      ]
    }
  ]
}
