{
  "version": 4,
  "terraform_version": "1.1.7",
  "serial": 10,
  "lineage": "fccb8897-9a77-8f52-ae67-fcaaf04979ab",
  "outputs": {},
  "resources": [
    {
      "mode": "managed",
      "type": "github_branch",
      "name": "prodbranch",
      "provider": "provider[\"registry.terraform.io/integrations/github\"]",
      "instances": [
        {
          "schema_version": 0,
          "attributes": {
            "branch": "13.0",
            "etag": "W/\"0ca1ba7ebefea7e0d4d8723a695978ba419b1b67ec47e6179444c909b6523aad\"",
            "id": "testcustomer:13.0",
            "ref": "refs/heads/13.0",
            "repository": "testcustomer",
            "sha": "5996749156663f520ed30f9b7809958a1db089f1",
            "source_branch": "main",
            "source_sha": "5996749156663f520ed30f9b7809958a1db089f1"
          },
          "sensitive_attributes": [],
          "private": "bnVsbA==",
          "dependencies": [
            "github_repository.customer_name"
          ]
        }
      ]
    },
    {
      "mode": "managed",
      "type": "github_branch",
      "name": "testbranch",
      "provider": "provider[\"registry.terraform.io/integrations/github\"]",
      "instances": [
        {
          "schema_version": 0,
          "attributes": {
            "branch": "13-dev",
            "etag": "W/\"e28f44d98519fdedda6c67341c60f9ae2b52f27d636bd41b81ae43bd24ff749e\"",
            "id": "testcustomer:13-dev",
            "ref": "refs/heads/13-dev",
            "repository": "testcustomer",
            "sha": "5996749156663f520ed30f9b7809958a1db089f1",
            "source_branch": "main",
            "source_sha": "5996749156663f520ed30f9b7809958a1db089f1"
          },
          "sensitive_attributes": [],
          "private": "bnVsbA==",
          "dependencies": [
            "github_repository.customer_name"
          ]
        }
      ]
    },
    {
      "mode": "managed",
      "type": "github_repository",
      "name": "customer_name",
      "provider": "provider[\"registry.terraform.io/integrations/github\"]",
      "instances": [
        {
          "schema_version": 0,
          "attributes": {
            "allow_auto_merge": false,
            "allow_merge_commit": true,
            "allow_rebase_merge": true,
            "allow_squash_merge": true,
            "archive_on_destroy": null,
            "archived": false,
            "auto_init": true,
            "branches": [
              {
                "name": "main",
                "protected": false
              }
            ],
            "default_branch": "main",
            "delete_branch_on_merge": false,
            "description": "Repository created with terraform to test customers",
            "etag": "W/\"e4787a866b68a797862f301e1003a51ee0d987786ba3a30268283796da26a17b\"",
            "full_name": "gtorres777/testcustomer",
            "git_clone_url": "git://github.com/gtorres777/testcustomer.git",
            "gitignore_template": null,
            "has_downloads": false,
            "has_issues": false,
            "has_projects": false,
            "has_wiki": false,
            "homepage_url": "",
            "html_url": "https://github.com/gtorres777/testcustomer",
            "http_clone_url": "https://github.com/gtorres777/testcustomer.git",
            "id": "testcustomer",
            "is_template": false,
            "license_template": null,
            "name": "testcustomer",
            "node_id": "R_kgDOHDIZqw",
            "pages": [],
            "private": false,
            "repo_id": 473045419,
            "ssh_clone_url": "git@github.com:gtorres777/testcustomer.git",
            "svn_url": "https://github.com/gtorres777/testcustomer",
            "template": [],
            "topics": null,
            "visibility": "public",
            "vulnerability_alerts": false
          },
          "sensitive_attributes": [],
          "private": "bnVsbA=="
        }
      ]
    },
    {
      "mode": "managed",
      "type": "github_repository_file",
      "name": "dockerfile-prod",
      "provider": "provider[\"registry.terraform.io/integrations/github\"]",
      "instances": [
        {
          "schema_version": 0,
          "attributes": {
            "branch": "13.0",
            "commit_author": "gtorres777",
            "commit_email": "51068028+gtorres777@users.noreply.github.com",
            "commit_message": "Dockerfile for test and prod",
            "commit_sha": "12c80dd44681bae825205ae961bfc412bc914e1f",
            "content": "FROM  as base\n\nENV ODOO_USER=odoo\n\nUSER ${ODOO_USER}\n\n# Own libraries Odoo\nCOPY ./repositories/ /opt/odoo_dir/\n\n# Install linux packages for extra Addons\nRUN set -x; \\\n    sudo apt-get -qq update \\\n    \u0026\u0026 sudo /dockerfile_extra_addons.sh\n\n# Install python packages for extra Addons\nRUN pip3.7 --no-cache-dir install -r /home/odoo/custom-requirements.txt \\\n    \u0026\u0026 sudo rm -rf /home/odoo/*\n\n# Own libraries Odoo\n\nCMD [\"odoo\"]\n",
            "file": "Dockerfile",
            "id": "testcustomer/Dockerfile",
            "overwrite_on_create": true,
            "repository": "testcustomer",
            "sha": "b29db0a69299548a1f6e9b89dfffc3addf01ef4b"
          },
          "sensitive_attributes": [],
          "private": "bnVsbA==",
          "dependencies": [
            "github_branch.prodbranch",
            "github_repository.customer_name"
          ]
        }
      ]
    },
    {
      "mode": "managed",
      "type": "github_repository_file",
      "name": "dockerfile-test",
      "provider": "provider[\"registry.terraform.io/integrations/github\"]",
      "instances": [
        {
          "schema_version": 0,
          "attributes": {
            "branch": "13-dev",
            "commit_author": "gtorres777",
            "commit_email": "51068028+gtorres777@users.noreply.github.com",
            "commit_message": "Dockerfile for test and prod",
            "commit_sha": "5e54c57b92ae31bdeba0617cb32baeff04bc58c5",
            "content": "FROM  as base\n\nENV ODOO_USER=odoo\n\nUSER ${ODOO_USER}\n\n# Own libraries Odoo\nCOPY ./repositories/ /opt/odoo_dir/\n\n# Install linux packages for extra Addons\nRUN set -x; \\\n    sudo apt-get -qq update \\\n    \u0026\u0026 sudo /dockerfile_extra_addons.sh\n\n# Install python packages for extra Addons\nRUN pip3.7 --no-cache-dir install -r /home/odoo/custom-requirements.txt \\\n    \u0026\u0026 sudo rm -rf /home/odoo/*\n\n# Own libraries Odoo\n\nCMD [\"odoo\"]\n",
            "file": "Dockerfile",
            "id": "testcustomer/Dockerfile",
            "overwrite_on_create": true,
            "repository": "testcustomer",
            "sha": "b29db0a69299548a1f6e9b89dfffc3addf01ef4b"
          },
          "sensitive_attributes": [],
          "private": "bnVsbA==",
          "dependencies": [
            "github_branch.testbranch",
            "github_repository.customer_name"
          ]
        }
      ]
    },
    {
      "mode": "managed",
      "type": "github_repository_file",
      "name": "jenkinsfile-prod",
      "provider": "provider[\"registry.terraform.io/integrations/github\"]",
      "instances": [
        {
          "schema_version": 0,
          "attributes": {
            "branch": "13.0",
            "commit_author": "gtorres777",
            "commit_email": "51068028+gtorres777@users.noreply.github.com",
            "commit_message": "Jenkinsfile for prod",
            "commit_sha": "4a23b4ef0e4f01e78f004c08d2e51ee9fc3f4d9b",
            "content": "@Library('test_shared_library')\n\ndef prod_deploy_name = \"testcustomer-odoo13\"\n\ndef odoo_version=\"13.0\"\n\ndef dockerhub_repo_name = \"testcustomer\"\n\nbuildPipeline(stage:\"prod\",dockerhub_repo_name:\"${dockerhub_repo_name}\",prod_deploy_name:\"${prod_deploy_name}\",odoo_version:\"${odoo_version}\")\n",
            "file": "Jenkinsfile",
            "id": "testcustomer/Jenkinsfile",
            "overwrite_on_create": true,
            "repository": "testcustomer",
            "sha": "58a2209522a48ddb054a01b9819f0ac99a473c61"
          },
          "sensitive_attributes": [],
          "private": "bnVsbA==",
          "dependencies": [
            "github_branch.prodbranch",
            "github_repository.customer_name"
          ]
        }
      ]
    },
    {
      "mode": "managed",
      "type": "github_repository_file",
      "name": "jenkinsfile-test",
      "provider": "provider[\"registry.terraform.io/integrations/github\"]",
      "instances": [
        {
          "schema_version": 0,
          "attributes": {
            "branch": "13-dev",
            "commit_author": "gtorres777",
            "commit_email": "51068028+gtorres777@users.noreply.github.com",
            "commit_message": "Jenkinsfile for test",
            "commit_sha": "750b90b8ca3f99db0487eb6e98a4364c091b663e",
            "content": "@Library('test_shared_library')\n\ndef prod_deploy_name = \"testcustomer-odoo13\"\n\ndef test_deploy_name = \"testcustomer-test-odoo13\"\n\ndef odoo_version=\"13.0\"\n\ndef dockerhub_repo_name = \"testcustomer\"\n\nbuildPipeline(stage:\"test\",dockerhub_repo_name:\"${dockerhub_repo_name}\",test_deploy_name:\"${test_deploy_name}\",prod_deploy_name:\"${prod_deploy_name}\",odoo_version:\"${odoo_version}\")\n",
            "file": "Jenkinsfile",
            "id": "testcustomer/Jenkinsfile",
            "overwrite_on_create": true,
            "repository": "testcustomer",
            "sha": "451286680bf91496970d709ddb6d40392209bff6"
          },
          "sensitive_attributes": [],
          "private": "bnVsbA==",
          "dependencies": [
            "github_branch.testbranch",
            "github_repository.customer_name"
          ]
        }
      ]
    },
    {
      "mode": "managed",
      "type": "github_repository_file",
      "name": "repos-prod",
      "provider": "provider[\"registry.terraform.io/integrations/github\"]",
      "instances": [
        {
          "schema_version": 0,
          "attributes": {
            "branch": "13.0",
            "commit_author": "gtorres777",
            "commit_email": "51068028+gtorres777@users.noreply.github.com",
            "commit_message": "repos for test and prod",
            "commit_sha": "5d31fd778083e71198d6416505fcabfb8b584ff6",
            "content": "repos_own,https://github.com/odoopartners/odoo_contact,odoo_contact\nrepos_own,https://github.com/odoopartners/odoo_invoicing,odoo_invoicing\nrepos_own,https://github.com/odoopartners/odoo_edocument,odoo_edocument\nrepos_own,https://github.com/odoopartners/odoo_third_apps_contacts,odoo_third_apps_contacts\nrepos_own,https://github.com/odoopartners/odoo_third_apps_financial,odoo_third_apps_financial\nrepos_own,https://github.com/odoopartners/odoo_third_apps_hr,odoo_third_apps_hr\nrepos_own,https://github.com/odoopartners/odoo_third_apps_logistics,odoo_third_apps_logistics\nrepos_own,https://github.com/odoopartners/odoo_third_apps_payroll,odoo_third_apps_payroll\nrepos_own,https://github.com/odoopartners/odoo_third_apps_pos,odoo_third_apps_pos\nrepos_own,https://github.com/odoopartners/odoo_third_apps_products,odoo_third_apps_products\nrepos_own,https://github.com/odoopartners/odoo_third_apps_projects,odoo_third_apps_projects\nrepos_own,https://github.com/odoopartners/odoo_third_apps_purchase,odoo_third_apps_purchase\nrepos_own,https://github.com/odoopartners/odoo_third_apps_server-tools,odoo_third_apps_server-tools\nrepos_oca,https://github.com/OCA/brand,brand\nrepos_oca,https://github.com/OCA/web,web\n",
            "file": "repos.csv",
            "id": "testcustomer/repos.csv",
            "overwrite_on_create": true,
            "repository": "testcustomer",
            "sha": "c6fec67ff9cf186587ea6ba54deca3b2071fc8e1"
          },
          "sensitive_attributes": [],
          "private": "bnVsbA==",
          "dependencies": [
            "github_branch.prodbranch",
            "github_repository.customer_name"
          ]
        }
      ]
    },
    {
      "mode": "managed",
      "type": "github_repository_file",
      "name": "repos-test",
      "provider": "provider[\"registry.terraform.io/integrations/github\"]",
      "instances": [
        {
          "schema_version": 0,
          "attributes": {
            "branch": "13-dev",
            "commit_author": "gtorres777",
            "commit_email": "51068028+gtorres777@users.noreply.github.com",
            "commit_message": "repos for test and prod",
            "commit_sha": "0d46d618158617c5ec5cd2b049cf330b7ab368c8",
            "content": "repos_own,https://github.com/odoopartners/odoo_contact,odoo_contact\nrepos_own,https://github.com/odoopartners/odoo_invoicing,odoo_invoicing\nrepos_own,https://github.com/odoopartners/odoo_edocument,odoo_edocument\nrepos_own,https://github.com/odoopartners/odoo_third_apps_contacts,odoo_third_apps_contacts\nrepos_own,https://github.com/odoopartners/odoo_third_apps_financial,odoo_third_apps_financial\nrepos_own,https://github.com/odoopartners/odoo_third_apps_hr,odoo_third_apps_hr\nrepos_own,https://github.com/odoopartners/odoo_third_apps_logistics,odoo_third_apps_logistics\nrepos_own,https://github.com/odoopartners/odoo_third_apps_payroll,odoo_third_apps_payroll\nrepos_own,https://github.com/odoopartners/odoo_third_apps_pos,odoo_third_apps_pos\nrepos_own,https://github.com/odoopartners/odoo_third_apps_products,odoo_third_apps_products\nrepos_own,https://github.com/odoopartners/odoo_third_apps_projects,odoo_third_apps_projects\nrepos_own,https://github.com/odoopartners/odoo_third_apps_purchase,odoo_third_apps_purchase\nrepos_own,https://github.com/odoopartners/odoo_third_apps_server-tools,odoo_third_apps_server-tools\nrepos_oca,https://github.com/OCA/brand,brand\nrepos_oca,https://github.com/OCA/web,web\n",
            "file": "repos.csv",
            "id": "testcustomer/repos.csv",
            "overwrite_on_create": true,
            "repository": "testcustomer",
            "sha": "c6fec67ff9cf186587ea6ba54deca3b2071fc8e1"
          },
          "sensitive_attributes": [],
          "private": "bnVsbA==",
          "dependencies": [
            "github_branch.testbranch",
            "github_repository.customer_name"
          ]
        }
      ]
    }
  ]
}
